{
  "nodes": {
    "arnix": {
      "inputs": {
        "deploy": "deploy",
        "flake-utils": "flake-utils",
        "home": "home",
        "nixos": [
          "nixos"
        ],
        "nixos-hardware": "nixos-hardware",
        "nixpkgs": [
          "nixpkgs"
        ],
        "nur": "nur",
        "unstable": [
          "unstable"
        ]
      },
      "locked": {
        "lastModified": 1616628357,
        "narHash": "sha256-mNUymTC5lRpNDmEt4hBE4m03NNv3Ws5Ui96Sh7XL0SM=",
        "owner": "ArctarusLimited",
        "repo": "arnix",
        "rev": "97550c878a201b42819c458707d6a14fc401cb61",
        "type": "github"
      },
      "original": {
        "owner": "ArctarusLimited",
        "ref": "master",
        "repo": "arnix",
        "type": "github"
      }
    },
    "deploy": {
      "inputs": {
        "flake-compat": "flake-compat",
        "naersk": "naersk",
        "nixpkgs": [
          "arnix",
          "nixpkgs"
        ],
        "utils": [
          "arnix",
          "flake-utils"
        ]
      },
      "locked": {
        "lastModified": 1614654775,
        "narHash": "sha256-3mLxoxIXSWUuKE8YgIuqM5AZzXFd1aWxkTlplEDeXIA=",
        "owner": "serokell",
        "repo": "deploy-rs",
        "rev": "6278b9bef5ad624676a565980417cbbef42d5227",
        "type": "github"
      },
      "original": {
        "owner": "serokell",
        "repo": "deploy-rs",
        "type": "github"
      }
    },
    "flake-compat": {
      "flake": false,
      "locked": {
        "lastModified": 1606424373,
        "narHash": "sha256-oq8d4//CJOrVj+EcOaSXvMebvuTkmBJuT5tzlfewUnQ=",
        "owner": "edolstra",
        "repo": "flake-compat",
        "rev": "99f1c2157fba4bfe6211a321fd0ee43199025dbf",
        "type": "github"
      },
      "original": {
        "owner": "edolstra",
        "repo": "flake-compat",
        "type": "github"
      }
    },
    "flake-utils": {
      "locked": {
        "lastModified": 1608663846,
        "narHash": "sha256-YOAXeoNLW0IubQ6AZLGuSj5kAD5n4DYXLYReLtyds1A=",
        "owner": "numtide",
        "repo": "flake-utils",
        "rev": "a68df93a37cd5137ac22ffeb2d8a03acf253cc24",
        "type": "github"
      },
      "original": {
        "owner": "numtide",
        "ref": "flatten-tree-system",
        "repo": "flake-utils",
        "type": "github"
      }
    },
    "home": {
      "inputs": {
        "nixpkgs": [
          "arnix",
          "nixpkgs"
        ]
      },
      "locked": {
        "lastModified": 1615943941,
        "narHash": "sha256-ocj+ngGSJ0SRHjp3UDH76TQA8XXUxemAQDDJp32k5Rw=",
        "owner": "nix-community",
        "repo": "home-manager",
        "rev": "920ea74afee92d321a4ff7dc714b165daaad78ec",
        "type": "github"
      },
      "original": {
        "owner": "nix-community",
        "ref": "master",
        "repo": "home-manager",
        "type": "github"
      }
    },
    "naersk": {
      "inputs": {
        "nixpkgs": [
          "arnix",
          "deploy",
          "nixpkgs"
        ]
      },
      "locked": {
        "lastModified": 1610392286,
        "narHash": "sha256-3wFl5y+4YZO4SgRYK8WE7JIS3p0sxbgrGaQ6RMw+d98=",
        "owner": "nmattia",
        "repo": "naersk",
        "rev": "d7bfbad3304fd768c0f93a4c3b50976275e6d4be",
        "type": "github"
      },
      "original": {
        "owner": "nmattia",
        "ref": "master",
        "repo": "naersk",
        "type": "github"
      }
    },
    "nixos": {
      "locked": {
        "lastModified": 1616613525,
        "narHash": "sha256-46ThkUSkZrvPxng4mpdY98tiSTi/qPwgTkt1M7/uz8o=",
        "owner": "CitadelCore",
        "repo": "nixpkgs",
        "rev": "6027c218363dd652c25a06eef3b335d8f5185e79",
        "type": "github"
      },
      "original": {
        "owner": "CitadelCore",
        "ref": "nixos-unstable",
        "repo": "nixpkgs",
        "type": "github"
      }
    },
    "nixos-hardware": {
      "locked": {
        "lastModified": 1615652054,
        "narHash": "sha256-jqXKU8Ovpi7MmPRqGf2FB3QOPcZtGwO2MFc0AYiOPjg=",
        "owner": "NixOS",
        "repo": "nixos-hardware",
        "rev": "31f61b90ddb9257b94888ee17ccf96236e180c76",
        "type": "github"
      },
      "original": {
        "owner": "NixOS",
        "ref": "master",
        "repo": "nixos-hardware",
        "type": "github"
      }
    },
    "nixpkgs": {
      "locked": {
        "lastModified": 1616613525,
        "narHash": "sha256-46ThkUSkZrvPxng4mpdY98tiSTi/qPwgTkt1M7/uz8o=",
        "owner": "CitadelCore",
        "repo": "nixpkgs",
        "rev": "6027c218363dd652c25a06eef3b335d8f5185e79",
        "type": "github"
      },
      "original": {
        "owner": "CitadelCore",
        "ref": "nixos-unstable",
        "repo": "nixpkgs",
        "type": "github"
      }
    },
    "nur": {
      "locked": {
        "lastModified": 1615988419,
        "narHash": "sha256-Y+quWucxpgZ0tEaavsusGCJQdge6+M4AKs54W2/e+Fs=",
        "owner": "nix-community",
        "repo": "NUR",
        "rev": "9ba7676f47acff76aad2d7b789d835bf0a3c0d79",
        "type": "github"
      },
      "original": {
        "owner": "nix-community",
        "repo": "NUR",
        "type": "github"
      }
    },
    "root": {
      "inputs": {
        "arnix": "arnix",
        "nixos": "nixos",
        "nixpkgs": "nixpkgs",
        "unstable": "unstable"
      }
    },
    "unstable": {
      "locked": {
        "lastModified": 1616613525,
        "narHash": "sha256-46ThkUSkZrvPxng4mpdY98tiSTi/qPwgTkt1M7/uz8o=",
        "owner": "CitadelCore",
        "repo": "nixpkgs",
        "rev": "6027c218363dd652c25a06eef3b335d8f5185e79",
        "type": "github"
      },
      "original": {
        "owner": "CitadelCore",
        "ref": "nixos-unstable",
        "repo": "nixpkgs",
        "type": "github"
      }
    }
  },
  "root": "root",
  "version": 7
}
