{
  "nodes": {
    "home": {
      "inputs": {
        "nixpkgs": [
          "nixpkgs"
        ]
      },
      "locked": {
        "lastModified": 1612561117,
        "narHash": "sha256-UEB+5KCINGyaAfkgqWeUhUwyBxTrlTLO+FjbYCG4exk=",
        "owner": "nix-community",
        "repo": "home-manager",
        "rev": "d4202875831a2d1b9dd3002d89b8c794af9e5a43",
        "type": "github"
      },
      "original": {
        "owner": "nix-community",
        "ref": "master",
        "repo": "home-manager",
        "type": "github"
      }
    },
    "nixos": {
      "locked": {
        "lastModified": 1612581337,
        "narHash": "sha256-eDrxDqPRtRIkX9VcpETGlOtjO4ZsH+V4BitzmPhhVLM=",
        "owner": "CitadelCore",
        "repo": "nixpkgs",
        "rev": "69ee822fe8ee7a6e4a280a9a0c31418a1c9852e2",
        "type": "github"
      },
      "original": {
        "owner": "CitadelCore",
        "ref": "nixos-unstable",
        "repo": "nixpkgs",
        "type": "github"
      }
    },
    "nixos-hardware": {
      "locked": {
        "lastModified": 1611383797,
        "narHash": "sha256-FIpG2f4+d9UsXCogBTswoPjD/aWZ3dvV5TZjqlL4gyM=",
        "owner": "NixOS",
        "repo": "nixos-hardware",
        "rev": "a0d8383c422f85f37fccee5af74b1cb4b52287d9",
        "type": "github"
      },
      "original": {
        "owner": "NixOS",
        "ref": "master",
        "repo": "nixos-hardware",
        "type": "github"
      }
    },
    "nixpkgs": {
      "locked": {
        "lastModified": 1612581337,
        "narHash": "sha256-eDrxDqPRtRIkX9VcpETGlOtjO4ZsH+V4BitzmPhhVLM=",
        "owner": "CitadelCore",
        "repo": "nixpkgs",
        "rev": "69ee822fe8ee7a6e4a280a9a0c31418a1c9852e2",
        "type": "github"
      },
      "original": {
        "owner": "CitadelCore",
        "ref": "nixos-unstable",
        "repo": "nixpkgs",
        "type": "github"
      }
    },
    "root": {
      "inputs": {
        "home": "home",
        "nixos": "nixos",
        "nixos-hardware": "nixos-hardware",
        "nixpkgs": "nixpkgs",
        "unstable": "unstable"
      }
    },
    "unstable": {
      "locked": {
        "lastModified": 1612581337,
        "narHash": "sha256-eDrxDqPRtRIkX9VcpETGlOtjO4ZsH+V4BitzmPhhVLM=",
        "owner": "CitadelCore",
        "repo": "nixpkgs",
        "rev": "69ee822fe8ee7a6e4a280a9a0c31418a1c9852e2",
        "type": "github"
      },
      "original": {
        "owner": "CitadelCore",
        "ref": "nixos-unstable",
        "repo": "nixpkgs",
        "type": "github"
      }
    }
  },
  "root": "root",
  "version": 7
}
